# This file is automatically @generated by Cargo.
# It is not intended for manual editing.
version = 3

[[package]]
name = "lox"
version = "0.1.0"
dependencies = [
 "lox-bytecode",
]

[[package]]
name = "lox-bytecode"
version = "0.1.0"

[[package]]
name = "lox-syntax"
version = "0.1.0"

[[package]]
name = "lox-vm"
version = "0.1.0"

[[package]]
name = "lox-walker"
version = "0.1.0"
